
Microsoft Visual Studio Solution File, Format Version 12.00
# Visual Studio Version 16
VisualStudioVersion = 16.0.32407.337
MinimumVisualStudioVersion = 10.0.40219.1
Project("{FAE04EC0-301F-11D3-BF4B-00C04F79EFBC}") = "MortgageCalculator", "MortgageCalculator.csproj", "{FC0C73F0-325B-452D-A523-A1B62F9D8214}"
EndProject
Global
	GlobalSection(SolutionConfigurationPlatforms) = preSolution
		Debug|Any CPU = Debug|Any CPU
		Release|Any CPU = Release|Any CPU
	EndGlobalSection
	GlobalSection(ProjectConfigurationPlatforms) = postSolution
		{FC0C73F0-325B-452D-A523-A1B62F9D8214}.Debug|Any CPU.ActiveCfg = Debug|Any CPU
		{FC0C73F0-325B-452D-A523-A1B62F9D8214}.Debug|Any CPU.Build.0 = Debug|Any CPU
		{FC0C73F0-325B-452D-A523-A1B62F9D8214}.Release|Any CPU.ActiveCfg = Release|Any CPU
		{FC0C73F0-325B-452D-A523-A1B62F9D8214}.Release|Any CPU.Build.0 = Release|Any CPU
	EndGlobalSection
	GlobalSection(SolutionProperties) = preSolution
		HideSolutionNode = FALSE
	EndGlobalSection
	GlobalSection(ExtensibilityGlobals) = postSolution
		SolutionGuid = {3D236086-968D-42FC-97C5-FE830A7B53AC}
	EndGlobalSection
EndGlobal
